
Microsoft Visual Studio Solution File, Format Version 12.00
# Visual Studio 14
VisualStudioVersion = 14.0.25420.1
MinimumVisualStudioVersion = 10.0.40219.1
Project("{FAE04EC0-301F-11D3-BF4B-00C04F79EFBC}") = "MVCMonsoon9PmBatch", "MVCMonsoon9PmBatch\MVCMonsoon9PmBatch.csproj", "{4BE6B776-E38E-40EB-B125-5E454664593F}"
EndProject
Project("{FAE04EC0-301F-11D3-BF4B-00C04F79EFBC}") = "AdonetExample", "AdonetExample\AdonetExample.csproj", "{8440E70E-D8D8-411D-8597-2012B2A482AC}"
EndProject
Project("{FAE04EC0-301F-11D3-BF4B-00C04F79EFBC}") = "DtbseFirstprcoh", "DtbseFirstprcoh\DtbseFirstprcoh.csproj", "{B827B11D-2B70-4BAC-8FFB-FE2D579A334A}"
EndProject
Project("{FAE04EC0-301F-11D3-BF4B-00C04F79EFBC}") = "CodeFirstApproach", "CodeFirstApproach\CodeFirstApproach.csproj", "{F85B8464-B38D-4D1F-B7C6-5334FF1B763F}"
EndProject
Project("{FAE04EC0-301F-11D3-BF4B-00C04F79EFBC}") = "ExampleOnMigration", "ExampleOnMigration\ExampleOnMigration.csproj", "{23956A88-04CE-4CB4-A760-B48DDBD69DD0}"
EndProject
Project("{FAE04EC0-301F-11D3-BF4B-00C04F79EFBC}") = "AuthenticationExample", "AuthenticationExample\AuthenticationExample.csproj", "{70D69E44-C304-481C-A26D-645575BFB002}"
EndProject
Global
	GlobalSection(SolutionConfigurationPlatforms) = preSolution
		Debug|Any CPU = Debug|Any CPU
		Release|Any CPU = Release|Any CPU
	EndGlobalSection
	GlobalSection(ProjectConfigurationPlatforms) = postSolution
		{4BE6B776-E38E-40EB-B125-5E454664593F}.Debug|Any CPU.ActiveCfg = Debug|Any CPU
		{4BE6B776-E38E-40EB-B125-5E454664593F}.Debug|Any CPU.Build.0 = Debug|Any CPU
		{4BE6B776-E38E-40EB-B125-5E454664593F}.Release|Any CPU.ActiveCfg = Release|Any CPU
		{4BE6B776-E38E-40EB-B125-5E454664593F}.Release|Any CPU.Build.0 = Release|Any CPU
		{8440E70E-D8D8-411D-8597-2012B2A482AC}.Debug|Any CPU.ActiveCfg = Debug|Any CPU
		{8440E70E-D8D8-411D-8597-2012B2A482AC}.Debug|Any CPU.Build.0 = Debug|Any CPU
		{8440E70E-D8D8-411D-8597-2012B2A482AC}.Release|Any CPU.ActiveCfg = Release|Any CPU
		{8440E70E-D8D8-411D-8597-2012B2A482AC}.Release|Any CPU.Build.0 = Release|Any CPU
		{B827B11D-2B70-4BAC-8FFB-FE2D579A334A}.Debug|Any CPU.ActiveCfg = Debug|Any CPU
		{B827B11D-2B70-4BAC-8FFB-FE2D579A334A}.Debug|Any CPU.Build.0 = Debug|Any CPU
		{B827B11D-2B70-4BAC-8FFB-FE2D579A334A}.Release|Any CPU.ActiveCfg = Release|Any CPU
		{B827B11D-2B70-4BAC-8FFB-FE2D579A334A}.Release|Any CPU.Build.0 = Release|Any CPU
		{F85B8464-B38D-4D1F-B7C6-5334FF1B763F}.Debug|Any CPU.ActiveCfg = Debug|Any CPU
		{F85B8464-B38D-4D1F-B7C6-5334FF1B763F}.Debug|Any CPU.Build.0 = Debug|Any CPU
		{F85B8464-B38D-4D1F-B7C6-5334FF1B763F}.Release|Any CPU.ActiveCfg = Release|Any CPU
		{F85B8464-B38D-4D1F-B7C6-5334FF1B763F}.Release|Any CPU.Build.0 = Release|Any CPU
		{23956A88-04CE-4CB4-A760-B48DDBD69DD0}.Debug|Any CPU.ActiveCfg = Debug|Any CPU
		{23956A88-04CE-4CB4-A760-B48DDBD69DD0}.Debug|Any CPU.Build.0 = Debug|Any CPU
		{23956A88-04CE-4CB4-A760-B48DDBD69DD0}.Release|Any CPU.ActiveCfg = Release|Any CPU
		{23956A88-04CE-4CB4-A760-B48DDBD69DD0}.Release|Any CPU.Build.0 = Release|Any CPU
		{70D69E44-C304-481C-A26D-645575BFB002}.Debug|Any CPU.ActiveCfg = Debug|Any CPU
		{70D69E44-C304-481C-A26D-645575BFB002}.Debug|Any CPU.Build.0 = Debug|Any CPU
		{70D69E44-C304-481C-A26D-645575BFB002}.Release|Any CPU.ActiveCfg = Release|Any CPU
		{70D69E44-C304-481C-A26D-645575BFB002}.Release|Any CPU.Build.0 = Release|Any CPU
	EndGlobalSection
	GlobalSection(SolutionProperties) = preSolution
		HideSolutionNode = FALSE
	EndGlobalSection
EndGlobal
